
Microsoft Visual Studio Solution File, Format Version 12.00
# Visual Studio Version 16
VisualStudioVersion = 16.0.29911.84
MinimumVisualStudioVersion = 10.0.40219.1
Project("{FAE04EC0-301F-11D3-BF4B-00C04F79EFBC}") = "NPOIProject", "NPOIProject\NPOIProject.csproj", "{874E0DBA-F156-40C5-8318-FDF99A70566F}"
EndProject
Global
	GlobalSection(SolutionConfigurationPlatforms) = preSolution
		Debug|Any CPU = Debug|Any CPU
		Release|Any CPU = Release|Any CPU
	EndGlobalSection
	GlobalSection(ProjectConfigurationPlatforms) = postSolution
		{874E0DBA-F156-40C5-8318-FDF99A70566F}.Debug|Any CPU.ActiveCfg = Debug|Any CPU
		{874E0DBA-F156-40C5-8318-FDF99A70566F}.Debug|Any CPU.Build.0 = Debug|Any CPU
		{874E0DBA-F156-40C5-8318-FDF99A70566F}.Release|Any CPU.ActiveCfg = Release|Any CPU
		{874E0DBA-F156-40C5-8318-FDF99A70566F}.Release|Any CPU.Build.0 = Release|Any CPU
	EndGlobalSection
	GlobalSection(SolutionProperties) = preSolution
		HideSolutionNode = FALSE
	EndGlobalSection
	GlobalSection(ExtensibilityGlobals) = postSolution
		SolutionGuid = {356AEF1F-D2AF-4953-A427-7D47AE07AA2F}
	EndGlobalSection
EndGlobal
